// !$*UTF8*$!
{
	archiveVersion = 1;
	classes = {
	};
	objectVersion = 55;
	objects = {

/* Begin PBXBuildFile section */
		AC34F57227E5A50000D1AC92 /* GoogleService-Info.plist in Resources */ = {isa = PBXBuildFile; fileRef = AC34F57127E5A50000D1AC92 /* GoogleService-Info.plist */; };
		AC34F57427E5A75800D1AC92 /* Task.swift in Sources */ = {isa = PBXBuildFile; fileRef = AC34F57327E5A75800D1AC92 /* Task.swift */; };
		AC34F57727E5A84C00D1AC92 /* DatabaseManager.swift in Sources */ = {isa = PBXBuildFile; fileRef = AC34F57627E5A84C00D1AC92 /* DatabaseManager.swift */; };
		AC34F57A27E5B14B00D1AC92 /* TasksVCDelegate.swift in Sources */ = {isa = PBXBuildFile; fileRef = AC34F57927E5B14B00D1AC92 /* TasksVCDelegate.swift */; };
		AC34F57D27E5B5E100D1AC92 /* OngoingTaskTableViewCell.swift in Sources */ = {isa = PBXBuildFile; fileRef = AC34F57C27E5B5E100D1AC92 /* OngoingTaskTableViewCell.swift */; };
		AC807DC427EAF2AD00D5552D /* DoneTaskTableViewCell.swift in Sources */ = {isa = PBXBuildFile; fileRef = AC807DC327EAF2AD00D5552D /* DoneTaskTableViewCell.swift */; };
		AC807DC827EAF35E00D5552D /* DoneTasksTableViewController.swift in Sources */ = {isa = PBXBuildFile; fileRef = AC807DC727EAF35E00D5552D /* DoneTasksTableViewController.swift */; };
		ACADE3FA27E2C96000475242 /* AppDelegate.swift in Sources */ = {isa = PBXBuildFile; fileRef = ACADE3F927E2C96000475242 /* AppDelegate.swift */; };
		ACADE3FC27E2C96000475242 /* SceneDelegate.swift in Sources */ = {isa = PBXBuildFile; fileRef = ACADE3FB27E2C96000475242 /* SceneDelegate.swift */; };
		ACADE3FE27E2C96000475242 /* TasksViewController.swift in Sources */ = {isa = PBXBuildFile; fileRef = ACADE3FD27E2C96000475242 /* TasksViewController.swift */; };
		ACADE40127E2C96000475242 /* Main.storyboard in Resources */ = {isa = PBXBuildFile; fileRef = ACADE3FF27E2C96000475242 /* Main.storyboard */; };
		ACADE40327E2C96800475242 /* Assets.xcassets in Resources */ = {isa = PBXBuildFile; fileRef = ACADE40227E2C96800475242 /* Assets.xcassets */; };
		ACADE40627E2C96800475242 /* LaunchScreen.storyboard in Resources */ = {isa = PBXBuildFile; fileRef = ACADE40427E2C96800475242 /* LaunchScreen.storyboard */; };
		ACADE40E27E2CA0700475242 /* Podfile in Resources */ = {isa = PBXBuildFile; fileRef = ACADE40D27E2CA0700475242 /* Podfile */; };
		ACADE41127E2E14E00475242 /* MenuSection.swift in Sources */ = {isa = PBXBuildFile; fileRef = ACADE41027E2E14E00475242 /* MenuSection.swift */; };
		ACADE41427E2E3B400475242 /* OngoingTasksTableViewController.swift in Sources */ = {isa = PBXBuildFile; fileRef = ACADE41327E2E3B400475242 /* OngoingTasksTableViewController.swift */; };
		ACADE41827E2EF7900475242 /* NewTaskViewController.swift in Sources */ = {isa = PBXBuildFile; fileRef = ACADE41727E2EF7900475242 /* NewTaskViewController.swift */; };
		C7EE52F54203A59D3CF8664B /* Pods_ios_tasks_app_3.framework in Frameworks */ = {isa = PBXBuildFile; fileRef = A89C18BF6203E946D44086BE /* Pods_ios_tasks_app_3.framework */; };
/* End PBXBuildFile section */

/* Begin PBXFileReference section */
		761F8CD6B78BE201ECB84748 /* Pods-ios-tasks-app-3.release.xcconfig */ = {isa = PBXFileReference; includeInIndex = 1; lastKnownFileType = text.xcconfig; name = "Pods-ios-tasks-app-3.release.xcconfig"; path = "Target Support Files/Pods-ios-tasks-app-3/Pods-ios-tasks-app-3.release.xcconfig"; sourceTree = "<group>"; };
		A89C18BF6203E946D44086BE /* Pods_ios_tasks_app_3.framework */ = {isa = PBXFileReference; explicitFileType = wrapper.framework; includeInIndex = 0; path = Pods_ios_tasks_app_3.framework; sourceTree = BUILT_PRODUCTS_DIR; };
		AC34F57127E5A50000D1AC92 /* GoogleService-Info.plist */ = {isa = PBXFileReference; fileEncoding = 4; lastKnownFileType = text.plist.xml; path = "GoogleService-Info.plist"; sourceTree = "<group>"; };
		AC34F57327E5A75800D1AC92 /* Task.swift */ = {isa = PBXFileReference; lastKnownFileType = sourcecode.swift; path = Task.swift; sourceTree = "<group>"; };
		AC34F57627E5A84C00D1AC92 /* DatabaseManager.swift */ = {isa = PBXFileReference; lastKnownFileType = sourcecode.swift; path = DatabaseManager.swift; sourceTree = "<group>"; };
		AC34F57927E5B14B00D1AC92 /* TasksVCDelegate.swift */ = {isa = PBXFileReference; lastKnownFileType = sourcecode.swift; path = TasksVCDelegate.swift; sourceTree = "<group>"; };
		AC34F57C27E5B5E100D1AC92 /* OngoingTaskTableViewCell.swift */ = {isa = PBXFileReference; lastKnownFileType = sourcecode.swift; path = OngoingTaskTableViewCell.swift; sourceTree = "<group>"; };
		AC807DC327EAF2AD00D5552D /* DoneTaskTableViewCell.swift */ = {isa = PBXFileReference; lastKnownFileType = sourcecode.swift; path = DoneTaskTableViewCell.swift; sourceTree = "<group>"; };
		AC807DC727EAF35E00D5552D /* DoneTasksTableViewController.swift */ = {isa = PBXFileReference; lastKnownFileType = sourcecode.swift; path = DoneTasksTableViewController.swift; sourceTree = "<group>"; };
		ACADE3F627E2C96000475242 /* ios-tasks-app-3.app */ = {isa = PBXFileReference; explicitFileType = wrapper.application; includeInIndex = 0; path = "ios-tasks-app-3.app"; sourceTree = BUILT_PRODUCTS_DIR; };
		ACADE3F927E2C96000475242 /* AppDelegate.swift */ = {isa = PBXFileReference; lastKnownFileType = sourcecode.swift; path = AppDelegate.swift; sourceTree = "<group>"; };
		ACADE3FB27E2C96000475242 /* SceneDelegate.swift */ = {isa = PBXFileReference; lastKnownFileType = sourcecode.swift; path = SceneDelegate.swift; sourceTree = "<group>"; };
		ACADE3FD27E2C96000475242 /* TasksViewController.swift */ = {isa = PBXFileReference; lastKnownFileType = sourcecode.swift; path = TasksViewController.swift; sourceTree = "<group>"; };
		ACADE40027E2C96000475242 /* Base */ = {isa = PBXFileReference; lastKnownFileType = file.storyboard; name = Base; path = Base.lproj/Main.storyboard; sourceTree = "<group>"; };
		ACADE40227E2C96800475242 /* Assets.xcassets */ = {isa = PBXFileReference; lastKnownFileType = folder.assetcatalog; path = Assets.xcassets; sourceTree = "<group>"; };
		ACADE40527E2C96800475242 /* Base */ = {isa = PBXFileReference; lastKnownFileType = file.storyboard; name = Base; path = Base.lproj/LaunchScreen.storyboard; sourceTree = "<group>"; };
		ACADE40727E2C96800475242 /* Info.plist */ = {isa = PBXFileReference; lastKnownFileType = text.plist.xml; path = Info.plist; sourceTree = "<group>"; };
		ACADE40D27E2CA0700475242 /* Podfile */ = {isa = PBXFileReference; fileEncoding = 4; lastKnownFileType = text; path = Podfile; sourceTree = "<group>"; xcLanguageSpecificationIdentifier = xcode.lang.ruby; };
		ACADE41027E2E14E00475242 /* MenuSection.swift */ = {isa = PBXFileReference; lastKnownFileType = sourcecode.swift; path = MenuSection.swift; sourceTree = "<group>"; };
		ACADE41327E2E3B400475242 /* OngoingTasksTableViewController.swift */ = {isa = PBXFileReference; lastKnownFileType = sourcecode.swift; path = OngoingTasksTableViewController.swift; sourceTree = "<group>"; };
		ACADE41727E2EF7900475242 /* NewTaskViewController.swift */ = {isa = PBXFileReference; lastKnownFileType = sourcecode.swift; path = NewTaskViewController.swift; sourceTree = "<group>"; };
		D00B3F0B551E29E4E4300B03 /* Pods-ios-tasks-app-3.debug.xcconfig */ = {isa = PBXFileReference; includeInIndex = 1; lastKnownFileType = text.xcconfig; name = "Pods-ios-tasks-app-3.debug.xcconfig"; path = "Target Support Files/Pods-ios-tasks-app-3/Pods-ios-tasks-app-3.debug.xcconfig"; sourceTree = "<group>"; };
/* End PBXFileReference section */

/* Begin PBXFrameworksBuildPhase section */
		ACADE3F327E2C96000475242 /* Frameworks */ = {
			isa = PBXFrameworksBuildPhase;
			buildActionMask = 2147483647;
			files = (
				C7EE52F54203A59D3CF8664B /* Pods_ios_tasks_app_3.framework in Frameworks */,
			);
			runOnlyForDeploymentPostprocessing = 0;
		};
/* End PBXFrameworksBuildPhase section */

/* Begin PBXGroup section */
		3BD922A74F5D2C76510E3A01 /* Pods */ = {
			isa = PBXGroup;
			children = (
				D00B3F0B551E29E4E4300B03 /* Pods-ios-tasks-app-3.debug.xcconfig */,
				761F8CD6B78BE201ECB84748 /* Pods-ios-tasks-app-3.release.xcconfig */,
			);
			path = Pods;
			sourceTree = "<group>";
		};
		96CAEF73F0C42CB79A64E452 /* Frameworks */ = {
			isa = PBXGroup;
			children = (
				A89C18BF6203E946D44086BE /* Pods_ios_tasks_app_3.framework */,
			);
			name = Frameworks;
			sourceTree = "<group>";
		};
		AC34F57527E5A83700D1AC92 /* service */ = {
			isa = PBXGroup;
			children = (
				AC34F57627E5A84C00D1AC92 /* DatabaseManager.swift */,
			);
			path = service;
			sourceTree = "<group>";
		};
		AC34F57827E5B12C00D1AC92 /* protocol */ = {
			isa = PBXGroup;
			children = (
				AC34F57927E5B14B00D1AC92 /* TasksVCDelegate.swift */,
			);
			path = protocol;
			sourceTree = "<group>";
		};
		AC34F57B27E5B5BF00D1AC92 /* view */ = {
			isa = PBXGroup;
			children = (
				AC34F57C27E5B5E100D1AC92 /* OngoingTaskTableViewCell.swift */,
				AC807DC327EAF2AD00D5552D /* DoneTaskTableViewCell.swift */,
			);
			path = view;
			sourceTree = "<group>";
		};
		ACADE3ED27E2C96000475242 = {
			isa = PBXGroup;
			children = (
				ACADE40D27E2CA0700475242 /* Podfile */,
				ACADE3F827E2C96000475242 /* ios-tasks-app-3 */,
				ACADE3F727E2C96000475242 /* Products */,
				3BD922A74F5D2C76510E3A01 /* Pods */,
				96CAEF73F0C42CB79A64E452 /* Frameworks */,
			);
			sourceTree = "<group>";
		};
		ACADE3F727E2C96000475242 /* Products */ = {
			isa = PBXGroup;
			children = (
				ACADE3F627E2C96000475242 /* ios-tasks-app-3.app */,
			);
			name = Products;
			sourceTree = "<group>";
		};
		ACADE3F827E2C96000475242 /* ios-tasks-app-3 */ = {
			isa = PBXGroup;
			children = (
				AC34F57B27E5B5BF00D1AC92 /* view */,
				AC34F57827E5B12C00D1AC92 /* protocol */,
				AC34F57527E5A83700D1AC92 /* service */,
				ACADE41227E2E39900475242 /* controller */,
				ACADE40F27E2E13C00475242 /* model */,
				ACADE3F927E2C96000475242 /* AppDelegate.swift */,
				ACADE3FB27E2C96000475242 /* SceneDelegate.swift */,
				ACADE3FF27E2C96000475242 /* Main.storyboard */,
				ACADE40227E2C96800475242 /* Assets.xcassets */,
				ACADE40427E2C96800475242 /* LaunchScreen.storyboard */,
				AC34F57127E5A50000D1AC92 /* GoogleService-Info.plist */,
				ACADE40727E2C96800475242 /* Info.plist */,
			);
			path = "ios-tasks-app-3";
			sourceTree = "<group>";
		};
		ACADE40F27E2E13C00475242 /* model */ = {
			isa = PBXGroup;
			children = (
				ACADE41027E2E14E00475242 /* MenuSection.swift */,
				AC34F57327E5A75800D1AC92 /* Task.swift */,
			);
			path = model;
			sourceTree = "<group>";
		};
		ACADE41227E2E39900475242 /* controller */ = {
			isa = PBXGroup;
			children = (
				ACADE3FD27E2C96000475242 /* TasksViewController.swift */,
				ACADE41327E2E3B400475242 /* OngoingTasksTableViewController.swift */,
				ACADE41727E2EF7900475242 /* NewTaskViewController.swift */,
				AC807DC727EAF35E00D5552D /* DoneTasksTableViewController.swift */,
			);
			path = controller;
			sourceTree = "<group>";
		};
/* End PBXGroup section */

/* Begin PBXNativeTarget section */
		ACADE3F527E2C96000475242 /* ios-tasks-app-3 */ = {
			isa = PBXNativeTarget;
			buildConfigurationList = ACADE40A27E2C96800475242 /* Build configuration list for PBXNativeTarget "ios-tasks-app-3" */;
			buildPhases = (
				88E03D803393915C803FCB76 /* [CP] Check Pods Manifest.lock */,
				ACADE3F227E2C96000475242 /* Sources */,
				ACADE3F327E2C96000475242 /* Frameworks */,
				ACADE3F427E2C96000475242 /* Resources */,
				3A1875CCA0960756EFB13222 /* [CP] Embed Pods Frameworks */,
			);
			buildRules = (
			);
			dependencies = (
			);
			name = "ios-tasks-app-3";
			productName = "ios-tasks-app-3";
			productReference = ACADE3F627E2C96000475242 /* ios-tasks-app-3.app */;
			productType = "com.apple.product-type.application";
		};
/* End PBXNativeTarget section */

/* Begin PBXProject section */
		ACADE3EE27E2C96000475242 /* Project object */ = {
			isa = PBXProject;
			attributes = {
				BuildIndependentTargetsInParallel = 1;
				LastSwiftUpdateCheck = 1330;
				LastUpgradeCheck = 1330;
				TargetAttributes = {
					ACADE3F527E2C96000475242 = {
						CreatedOnToolsVersion = 13.3;
					};
				};
			};
			buildConfigurationList = ACADE3F127E2C96000475242 /* Build configuration list for PBXProject "ios-tasks-app-3" */;
			compatibilityVersion = "Xcode 13.0";
			developmentRegion = en;
			hasScannedForEncodings = 0;
			knownRegions = (
				en,
				Base,
			);
			mainGroup = ACADE3ED27E2C96000475242;
			productRefGroup = ACADE3F727E2C96000475242 /* Products */;
			projectDirPath = "";
			projectRoot = "";
			targets = (
				ACADE3F527E2C96000475242 /* ios-tasks-app-3 */,
			);
		};
/* End PBXProject section */

/* Begin PBXResourcesBuildPhase section */
		ACADE3F427E2C96000475242 /* Resources */ = {
			isa = PBXResourcesBuildPhase;
			buildActionMask = 2147483647;
			files = (
				ACADE40627E2C96800475242 /* LaunchScreen.storyboard in Resources */,
				ACADE40327E2C96800475242 /* Assets.xcassets in Resources */,
				AC34F57227E5A50000D1AC92 /* GoogleService-Info.plist in Resources */,
				ACADE40E27E2CA0700475242 /* Podfile in Resources */,
				ACADE40127E2C96000475242 /* Main.storyboard in Resources */,
			);
			runOnlyForDeploymentPostprocessing = 0;
		};
/* End PBXResourcesBuildPhase section */

/* Begin PBXShellScriptBuildPhase section */
		3A1875CCA0960756EFB13222 /* [CP] Embed Pods Frameworks */ = {
			isa = PBXShellScriptBuildPhase;
			buildActionMask = 2147483647;
			files = (
			);
			inputFileListPaths = (
				"${PODS_ROOT}/Target Support Files/Pods-ios-tasks-app-3/Pods-ios-tasks-app-3-frameworks-${CONFIGURATION}-input-files.xcfilelist",
			);
			name = "[CP] Embed Pods Frameworks";
			outputFileListPaths = (
				"${PODS_ROOT}/Target Support Files/Pods-ios-tasks-app-3/Pods-ios-tasks-app-3-frameworks-${CONFIGURATION}-output-files.xcfilelist",
			);
			runOnlyForDeploymentPostprocessing = 0;
			shellPath = /bin/sh;
			shellScript = "\"${PODS_ROOT}/Target Support Files/Pods-ios-tasks-app-3/Pods-ios-tasks-app-3-frameworks.sh\"\n";
			showEnvVarsInLog = 0;
		};
		88E03D803393915C803FCB76 /* [CP] Check Pods Manifest.lock */ = {
			isa = PBXShellScriptBuildPhase;
			buildActionMask = 2147483647;
			files = (
			);
			inputFileListPaths = (
			);
			inputPaths = (
				"${PODS_PODFILE_DIR_PATH}/Podfile.lock",
				"${PODS_ROOT}/Manifest.lock",
			);
			name = "[CP] Check Pods Manifest.lock";
			outputFileListPaths = (
			);
			outputPaths = (
				"$(DERIVED_FILE_DIR)/Pods-ios-tasks-app-3-checkManifestLockResult.txt",
			);
			runOnlyForDeploymentPostprocessing = 0;
			shellPath = /bin/sh;
			shellScript = "diff \"${PODS_PODFILE_DIR_PATH}/Podfile.lock\" \"${PODS_ROOT}/Manifest.lock\" > /dev/null\nif [ $? != 0 ] ; then\n    # print error to STDERR\n    echo \"error: The sandbox is not in sync with the Podfile.lock. Run 'pod install' or update your CocoaPods installation.\" >&2\n    exit 1\nfi\n# This output is used by Xcode 'outputs' to avoid re-running this script phase.\necho \"SUCCESS\" > \"${SCRIPT_OUTPUT_FILE_0}\"\n";
			showEnvVarsInLog = 0;
		};
/* End PBXShellScriptBuildPhase section */

/* Begin PBXSourcesBuildPhase section */
		ACADE3F227E2C96000475242 /* Sources */ = {
			isa = PBXSourcesBuildPhase;
			buildActionMask = 2147483647;
			files = (
				AC34F57D27E5B5E100D1AC92 /* OngoingTaskTableViewCell.swift in Sources */,
				AC34F57427E5A75800D1AC92 /* Task.swift in Sources */,
				ACADE3FE27E2C96000475242 /* TasksViewController.swift in Sources */,
				ACADE41827E2EF7900475242 /* NewTaskViewController.swift in Sources */,
				AC807DC827EAF35E00D5552D /* DoneTasksTableViewController.swift in Sources */,
				ACADE3FA27E2C96000475242 /* AppDelegate.swift in Sources */,
				AC34F57A27E5B14B00D1AC92 /* TasksVCDelegate.swift in Sources */,
				ACADE41127E2E14E00475242 /* MenuSection.swift in Sources */,
				ACADE3FC27E2C96000475242 /* SceneDelegate.swift in Sources */,
				ACADE41427E2E3B400475242 /* OngoingTasksTableViewController.swift in Sources */,
				AC807DC427EAF2AD00D5552D /* DoneTaskTableViewCell.swift in Sources */,
				AC34F57727E5A84C00D1AC92 /* DatabaseManager.swift in Sources */,
			);
			runOnlyForDeploymentPostprocessing = 0;
		};
/* End PBXSourcesBuildPhase section */

/* Begin PBXVariantGroup section */
		ACADE3FF27E2C96000475242 /* Main.storyboard */ = {
			isa = PBXVariantGroup;
			children = (
				ACADE40027E2C96000475242 /* Base */,
			);
			name = Main.storyboard;
			sourceTree = "<group>";
		};
		ACADE40427E2C96800475242 /* LaunchScreen.storyboard */ = {
			isa = PBXVariantGroup;
			children = (
				ACADE40527E2C96800475242 /* Base */,
			);
			name = LaunchScreen.storyboard;
			sourceTree = "<group>";
		};
/* End PBXVariantGroup section */

/* Begin XCBuildConfiguration section */
		ACADE40827E2C96800475242 /* Debug */ = {
			isa = XCBuildConfiguration;
			buildSettings = {
				ALWAYS_SEARCH_USER_PATHS = NO;
				CLANG_ANALYZER_NONNULL = YES;
				CLANG_ANALYZER_NUMBER_OBJECT_CONVERSION = YES_AGGRESSIVE;
				CLANG_CXX_LANGUAGE_STANDARD = "gnu++17";
				CLANG_ENABLE_MODULES = YES;
				CLANG_ENABLE_OBJC_ARC = YES;
				CLANG_ENABLE_OBJC_WEAK = YES;
				CLANG_WARN_BLOCK_CAPTURE_AUTORELEASING = YES;
				CLANG_WARN_BOOL_CONVERSION = YES;
				CLANG_WARN_COMMA = YES;
				CLANG_WARN_CONSTANT_CONVERSION = YES;
				CLANG_WARN_DEPRECATED_OBJC_IMPLEMENTATIONS = YES;
				CLANG_WARN_DIRECT_OBJC_ISA_USAGE = YES_ERROR;
				CLANG_WARN_DOCUMENTATION_COMMENTS = YES;
				CLANG_WARN_EMPTY_BODY = YES;
				CLANG_WARN_ENUM_CONVERSION = YES;
				CLANG_WARN_INFINITE_RECURSION = YES;
				CLANG_WARN_INT_CONVERSION = YES;
				CLANG_WARN_NON_LITERAL_NULL_CONVERSION = YES;
				CLANG_WARN_OBJC_IMPLICIT_RETAIN_SELF = YES;
				CLANG_WARN_OBJC_LITERAL_CONVERSION = YES;
				CLANG_WARN_OBJC_ROOT_CLASS = YES_ERROR;
				CLANG_WARN_QUOTED_INCLUDE_IN_FRAMEWORK_HEADER = YES;
				CLANG_WARN_RANGE_LOOP_ANALYSIS = YES;
				CLANG_WARN_STRICT_PROTOTYPES = YES;
				CLANG_WARN_SUSPICIOUS_MOVE = YES;
				CLANG_WARN_UNGUARDED_AVAILABILITY = YES_AGGRESSIVE;
				CLANG_WARN_UNREACHABLE_CODE = YES;
				CLANG_WARN__DUPLICATE_METHOD_MATCH = YES;
				COPY_PHASE_STRIP = NO;
				DEBUG_INFORMATION_FORMAT = dwarf;
				ENABLE_STRICT_OBJC_MSGSEND = YES;
				ENABLE_TESTABILITY = YES;
				GCC_C_LANGUAGE_STANDARD = gnu11;
				GCC_DYNAMIC_NO_PIC = NO;
				GCC_NO_COMMON_BLOCKS = YES;
				GCC_OPTIMIZATION_LEVEL = 0;
				GCC_PREPROCESSOR_DEFINITIONS = (
					"DEBUG=1",
					"$(inherited)",
				);
				GCC_WARN_64_TO_32_BIT_CONVERSION = YES;
				GCC_WARN_ABOUT_RETURN_TYPE = YES_ERROR;
				GCC_WARN_UNDECLARED_SELECTOR = YES;
				GCC_WARN_UNINITIALIZED_AUTOS = YES_AGGRESSIVE;
				GCC_WARN_UNUSED_FUNCTION = YES;
				GCC_WARN_UNUSED_VARIABLE = YES;
				IPHONEOS_DEPLOYMENT_TARGET = 15.4;
				MTL_ENABLE_DEBUG_INFO = INCLUDE_SOURCE;
				MTL_FAST_MATH = YES;
				ONLY_ACTIVE_ARCH = YES;
				SDKROOT = iphoneos;
				SWIFT_ACTIVE_COMPILATION_CONDITIONS = DEBUG;
				SWIFT_OPTIMIZATION_LEVEL = "-Onone";
			};
			name = Debug;
		};
		ACADE40927E2C96800475242 /* Release */ = {
			isa = XCBuildConfiguration;
			buildSettings = {
				ALWAYS_SEARCH_USER_PATHS = NO;
				CLANG_ANALYZER_NONNULL = YES;
				CLANG_ANALYZER_NUMBER_OBJECT_CONVERSION = YES_AGGRESSIVE;
				CLANG_CXX_LANGUAGE_STANDARD = "gnu++17";
				CLANG_ENABLE_MODULES = YES;
				CLANG_ENABLE_OBJC_ARC = YES;
				CLANG_ENABLE_OBJC_WEAK = YES;
				CLANG_WARN_BLOCK_CAPTURE_AUTORELEASING = YES;
				CLANG_WARN_BOOL_CONVERSION = YES;
				CLANG_WARN_COMMA = YES;
				CLANG_WARN_CONSTANT_CONVERSION = YES;
				CLANG_WARN_DEPRECATED_OBJC_IMPLEMENTATIONS = YES;
				CLANG_WARN_DIRECT_OBJC_ISA_USAGE = YES_ERROR;
				CLANG_WARN_DOCUMENTATION_COMMENTS = YES;
				CLANG_WARN_EMPTY_BODY = YES;
				CLANG_WARN_ENUM_CONVERSION = YES;
				CLANG_WARN_INFINITE_RECURSION = YES;
				CLANG_WARN_INT_CONVERSION = YES;
				CLANG_WARN_NON_LITERAL_NULL_CONVERSION = YES;
				CLANG_WARN_OBJC_IMPLICIT_RETAIN_SELF = YES;
				CLANG_WARN_OBJC_LITERAL_CONVERSION = YES;
				CLANG_WARN_OBJC_ROOT_CLASS = YES_ERROR;
				CLANG_WARN_QUOTED_INCLUDE_IN_FRAMEWORK_HEADER = YES;
				CLANG_WARN_RANGE_LOOP_ANALYSIS = YES;
				CLANG_WARN_STRICT_PROTOTYPES = YES;
				CLANG_WARN_SUSPICIOUS_MOVE = YES;
				CLANG_WARN_UNGUARDED_AVAILABILITY = YES_AGGRESSIVE;
				CLANG_WARN_UNREACHABLE_CODE = YES;
				CLANG_WARN__DUPLICATE_METHOD_MATCH = YES;
				COPY_PHASE_STRIP = NO;
				DEBUG_INFORMATION_FORMAT = "dwarf-with-dsym";
				ENABLE_NS_ASSERTIONS = NO;
				ENABLE_STRICT_OBJC_MSGSEND = YES;
				GCC_C_LANGUAGE_STANDARD = gnu11;
				GCC_NO_COMMON_BLOCKS = YES;
				GCC_WARN_64_TO_32_BIT_CONVERSION = YES;
				GCC_WARN_ABOUT_RETURN_TYPE = YES_ERROR;
				GCC_WARN_UNDECLARED_SELECTOR = YES;
				GCC_WARN_UNINITIALIZED_AUTOS = YES_AGGRESSIVE;
				GCC_WARN_UNUSED_FUNCTION = YES;
				GCC_WARN_UNUSED_VARIABLE = YES;
				IPHONEOS_DEPLOYMENT_TARGET = 15.4;
				MTL_ENABLE_DEBUG_INFO = NO;
				MTL_FAST_MATH = YES;
				SDKROOT = iphoneos;
				SWIFT_COMPILATION_MODE = wholemodule;
				SWIFT_OPTIMIZATION_LEVEL = "-O";
				VALIDATE_PRODUCT = YES;
			};
			name = Release;
		};
		ACADE40B27E2C96800475242 /* Debug */ = {
			isa = XCBuildConfiguration;
			baseConfigurationReference = D00B3F0B551E29E4E4300B03 /* Pods-ios-tasks-app-3.debug.xcconfig */;
			buildSettings = {
				ASSETCATALOG_COMPILER_APPICON_NAME = AppIcon;
				ASSETCATALOG_COMPILER_GLOBAL_ACCENT_COLOR_NAME = AccentColor;
				CODE_SIGN_STYLE = Automatic;
				CURRENT_PROJECT_VERSION = 1;
				GENERATE_INFOPLIST_FILE = YES;
				INFOPLIST_FILE = "ios-tasks-app-3/Info.plist";
				INFOPLIST_KEY_UIApplicationSupportsIndirectInputEvents = YES;
				INFOPLIST_KEY_UILaunchStoryboardName = LaunchScreen;
				INFOPLIST_KEY_UIMainStoryboardFile = Main;
				INFOPLIST_KEY_UISupportedInterfaceOrientations_iPad = "UIInterfaceOrientationPortrait UIInterfaceOrientationPortraitUpsideDown UIInterfaceOrientationLandscapeLeft UIInterfaceOrientationLandscapeRight";
				INFOPLIST_KEY_UISupportedInterfaceOrientations_iPhone = "UIInterfaceOrientationPortrait UIInterfaceOrientationLandscapeLeft UIInterfaceOrientationLandscapeRight";
				LD_RUNPATH_SEARCH_PATHS = (
					"$(inherited)",
					"@executable_path/Frameworks",
				);
				MARKETING_VERSION = 1.0;
				PRODUCT_BUNDLE_IDENTIFIER = "com.daeunkim.ios-tasks-app-3";
				PRODUCT_NAME = "$(TARGET_NAME)";
				SWIFT_EMIT_LOC_STRINGS = YES;
				SWIFT_VERSION = 5.0;
				TARGETED_DEVICE_FAMILY = "1,2";
			};
			name = Debug;
		};
		ACADE40C27E2C96800475242 /* Release */ = {
			isa = XCBuildConfiguration;
			baseConfigurationReference = 761F8CD6B78BE201ECB84748 /* Pods-ios-tasks-app-3.release.xcconfig */;
			buildSettings = {
				ASSETCATALOG_COMPILER_APPICON_NAME = AppIcon;
				ASSETCATALOG_COMPILER_GLOBAL_ACCENT_COLOR_NAME = AccentColor;
				CODE_SIGN_STYLE = Automatic;
				CURRENT_PROJECT_VERSION = 1;
				GENERATE_INFOPLIST_FILE = YES;
				INFOPLIST_FILE = "ios-tasks-app-3/Info.plist";
				INFOPLIST_KEY_UIApplicationSupportsIndirectInputEvents = YES;
				INFOPLIST_KEY_UILaunchStoryboardName = LaunchScreen;
				INFOPLIST_KEY_UIMainStoryboardFile = Main;
				INFOPLIST_KEY_UISupportedInterfaceOrientations_iPad = "UIInterfaceOrientationPortrait UIInterfaceOrientationPortraitUpsideDown UIInterfaceOrientationLandscapeLeft UIInterfaceOrientationLandscapeRight";
				INFOPLIST_KEY_UISupportedInterfaceOrientations_iPhone = "UIInterfaceOrientationPortrait UIInterfaceOrientationLandscapeLeft UIInterfaceOrientationLandscapeRight";
				LD_RUNPATH_SEARCH_PATHS = (
					"$(inherited)",
					"@executable_path/Frameworks",
				);
				MARKETING_VERSION = 1.0;
				PRODUCT_BUNDLE_IDENTIFIER = "com.daeunkim.ios-tasks-app-3";
				PRODUCT_NAME = "$(TARGET_NAME)";
				SWIFT_EMIT_LOC_STRINGS = YES;
				SWIFT_VERSION = 5.0;
				TARGETED_DEVICE_FAMILY = "1,2";
			};
			name = Release;
		};
/* End XCBuildConfiguration section */

/* Begin XCConfigurationList section */
		ACADE3F127E2C96000475242 /* Build configuration list for PBXProject "ios-tasks-app-3" */ = {
			isa = XCConfigurationList;
			buildConfigurations = (
				ACADE40827E2C96800475242 /* Debug */,
				ACADE40927E2C96800475242 /* Release */,
			);
			defaultConfigurationIsVisible = 0;
			defaultConfigurationName = Release;
		};
		ACADE40A27E2C96800475242 /* Build configuration list for PBXNativeTarget "ios-tasks-app-3" */ = {
			isa = XCConfigurationList;
			buildConfigurations = (
				ACADE40B27E2C96800475242 /* Debug */,
				ACADE40C27E2C96800475242 /* Release */,
			);
			defaultConfigurationIsVisible = 0;
			defaultConfigurationName = Release;
		};
/* End XCConfigurationList section */
	};
	rootObject = ACADE3EE27E2C96000475242 /* Project object */;
}
